
Microsoft Visual Studio Solution File, Format Version 12.00
# Visual Studio Version 17
VisualStudioVersion = 17.1.32210.238
MinimumVisualStudioVersion = 10.0.40219.1
Project("{FAE04EC0-301F-11D3-BF4B-00C04F79EFBC}") = "Integracion_Banco", "Integracion_Banco\Integracion_Banco.csproj", "{15329479-D9B2-4BE2-AF02-0CDDD747ED32}"
EndProject
Project("{FAE04EC0-301F-11D3-BF4B-00C04F79EFBC}") = "MesaDePrueba", "MesaDePrueba\MesaDePrueba.csproj", "{87AE54D9-32B7-46F8-81F2-E8398E581D03}"
EndProject
Global
	GlobalSection(SolutionConfigurationPlatforms) = preSolution
		Debug|Any CPU = Debug|Any CPU
		Release|Any CPU = Release|Any CPU
	EndGlobalSection
	GlobalSection(ProjectConfigurationPlatforms) = postSolution
		{15329479-D9B2-4BE2-AF02-0CDDD747ED32}.Debug|Any CPU.ActiveCfg = Debug|Any CPU
		{15329479-D9B2-4BE2-AF02-0CDDD747ED32}.Debug|Any CPU.Build.0 = Debug|Any CPU
		{15329479-D9B2-4BE2-AF02-0CDDD747ED32}.Release|Any CPU.ActiveCfg = Release|Any CPU
		{15329479-D9B2-4BE2-AF02-0CDDD747ED32}.Release|Any CPU.Build.0 = Release|Any CPU
		{87AE54D9-32B7-46F8-81F2-E8398E581D03}.Debug|Any CPU.ActiveCfg = Debug|Any CPU
		{87AE54D9-32B7-46F8-81F2-E8398E581D03}.Debug|Any CPU.Build.0 = Debug|Any CPU
		{87AE54D9-32B7-46F8-81F2-E8398E581D03}.Release|Any CPU.ActiveCfg = Release|Any CPU
		{87AE54D9-32B7-46F8-81F2-E8398E581D03}.Release|Any CPU.Build.0 = Release|Any CPU
	EndGlobalSection
	GlobalSection(SolutionProperties) = preSolution
		HideSolutionNode = FALSE
	EndGlobalSection
	GlobalSection(ExtensibilityGlobals) = postSolution
		SolutionGuid = {D2ABD93A-6E46-42B0-8F0A-126632099CEB}
	EndGlobalSection
EndGlobal
